
Microsoft Visual Studio Solution File, Format Version 12.00
# Visual Studio Version 17
VisualStudioVersion = 17.6.33723.286
MinimumVisualStudioVersion = 10.0.40219.1
Project("{FAE04EC0-301F-11D3-BF4B-00C04F79EFBC}") = "Bai02_LAB03", "Bai02_LAB03\Bai02_LAB03.csproj", "{A87FA91C-3425-487E-AE88-52921930F926}"
EndProject
Project("{FAE04EC0-301F-11D3-BF4B-00C04F79EFBC}") = "Bai03_Lab03", "Bai03_Lab03\Bai03_Lab03.csproj", "{33CAACA2-C3D9-4CD7-B0B0-13B65AE549CD}"
EndProject
Project("{FAE04EC0-301F-11D3-BF4B-00C04F79EFBC}") = "Bai01_LAB03", "Bai01_LAB03\Bai01_LAB03.csproj", "{DA2B62F5-05E7-4265-B4F5-BB4D3E5DF339}"
EndProject
Global
	GlobalSection(SolutionConfigurationPlatforms) = preSolution
		Debug|Any CPU = Debug|Any CPU
		Release|Any CPU = Release|Any CPU
	EndGlobalSection
	GlobalSection(ProjectConfigurationPlatforms) = postSolution
		{A87FA91C-3425-487E-AE88-52921930F926}.Debug|Any CPU.ActiveCfg = Debug|Any CPU
		{A87FA91C-3425-487E-AE88-52921930F926}.Debug|Any CPU.Build.0 = Debug|Any CPU
		{A87FA91C-3425-487E-AE88-52921930F926}.Release|Any CPU.ActiveCfg = Release|Any CPU
		{A87FA91C-3425-487E-AE88-52921930F926}.Release|Any CPU.Build.0 = Release|Any CPU
		{33CAACA2-C3D9-4CD7-B0B0-13B65AE549CD}.Debug|Any CPU.ActiveCfg = Debug|Any CPU
		{33CAACA2-C3D9-4CD7-B0B0-13B65AE549CD}.Debug|Any CPU.Build.0 = Debug|Any CPU
		{33CAACA2-C3D9-4CD7-B0B0-13B65AE549CD}.Release|Any CPU.ActiveCfg = Release|Any CPU
		{33CAACA2-C3D9-4CD7-B0B0-13B65AE549CD}.Release|Any CPU.Build.0 = Release|Any CPU
		{DA2B62F5-05E7-4265-B4F5-BB4D3E5DF339}.Debug|Any CPU.ActiveCfg = Debug|Any CPU
		{DA2B62F5-05E7-4265-B4F5-BB4D3E5DF339}.Debug|Any CPU.Build.0 = Debug|Any CPU
		{DA2B62F5-05E7-4265-B4F5-BB4D3E5DF339}.Release|Any CPU.ActiveCfg = Release|Any CPU
		{DA2B62F5-05E7-4265-B4F5-BB4D3E5DF339}.Release|Any CPU.Build.0 = Release|Any CPU
	EndGlobalSection
	GlobalSection(SolutionProperties) = preSolution
		HideSolutionNode = FALSE
	EndGlobalSection
	GlobalSection(ExtensibilityGlobals) = postSolution
		SolutionGuid = {40B25C0D-3BD6-4D9A-A91A-1506CF171508}
	EndGlobalSection
EndGlobal
